
Microsoft Visual Studio Solution File, Format Version 12.00
# Visual Studio Version 17
VisualStudioVersion = 17.5.33414.496
MinimumVisualStudioVersion = 10.0.40219.1
Project("{FAE04EC0-301F-11D3-BF4B-00C04F79EFBC}") = "Estrutura", "Estrutura\Estrutura.csproj", "{E175E4AF-03A6-48C3-9375-6FA8AD59CF6E}"
EndProject
Global
	GlobalSection(SolutionConfigurationPlatforms) = preSolution
		Debug|Any CPU = Debug|Any CPU
		Release|Any CPU = Release|Any CPU
	EndGlobalSection
	GlobalSection(ProjectConfigurationPlatforms) = postSolution
		{E175E4AF-03A6-48C3-9375-6FA8AD59CF6E}.Debug|Any CPU.ActiveCfg = Debug|Any CPU
		{E175E4AF-03A6-48C3-9375-6FA8AD59CF6E}.Debug|Any CPU.Build.0 = Debug|Any CPU
		{E175E4AF-03A6-48C3-9375-6FA8AD59CF6E}.Release|Any CPU.ActiveCfg = Release|Any CPU
		{E175E4AF-03A6-48C3-9375-6FA8AD59CF6E}.Release|Any CPU.Build.0 = Release|Any CPU
	EndGlobalSection
	GlobalSection(SolutionProperties) = preSolution
		HideSolutionNode = FALSE
	EndGlobalSection
	GlobalSection(ExtensibilityGlobals) = postSolution
		SolutionGuid = {01E0EAEE-2F68-4D92-98BF-0294E7BA9558}
	EndGlobalSection
EndGlobal
