
Microsoft Visual Studio Solution File, Format Version 12.00
# Visual Studio Version 17
VisualStudioVersion = 17.5.33414.496
MinimumVisualStudioVersion = 10.0.40219.1
Project("{FAE04EC0-301F-11D3-BF4B-00C04F79EFBC}") = "Parametros1", "Parametros1\Parametros1.csproj", "{3F617398-0311-437A-96A6-698CF2DE1A05}"
EndProject
Global
	GlobalSection(SolutionConfigurationPlatforms) = preSolution
		Debug|Any CPU = Debug|Any CPU
		Release|Any CPU = Release|Any CPU
	EndGlobalSection
	GlobalSection(ProjectConfigurationPlatforms) = postSolution
		{3F617398-0311-437A-96A6-698CF2DE1A05}.Debug|Any CPU.ActiveCfg = Debug|Any CPU
		{3F617398-0311-437A-96A6-698CF2DE1A05}.Debug|Any CPU.Build.0 = Debug|Any CPU
		{3F617398-0311-437A-96A6-698CF2DE1A05}.Release|Any CPU.ActiveCfg = Release|Any CPU
		{3F617398-0311-437A-96A6-698CF2DE1A05}.Release|Any CPU.Build.0 = Release|Any CPU
	EndGlobalSection
	GlobalSection(SolutionProperties) = preSolution
		HideSolutionNode = FALSE
	EndGlobalSection
	GlobalSection(ExtensibilityGlobals) = postSolution
		SolutionGuid = {2C342AAD-9900-473C-BD19-E7059B97B100}
	EndGlobalSection
EndGlobal
