
Microsoft Visual Studio Solution File, Format Version 12.00
# Visual Studio Version 17
VisualStudioVersion = 17.5.33414.496
MinimumVisualStudioVersion = 10.0.40219.1
Project("{FAE04EC0-301F-11D3-BF4B-00C04F79EFBC}") = "InnerExceptions", "InnerExceptions\InnerExceptions.csproj", "{CC438684-508F-4ABC-874D-07CCCD5635A6}"
EndProject
Global
	GlobalSection(SolutionConfigurationPlatforms) = preSolution
		Debug|Any CPU = Debug|Any CPU
		Release|Any CPU = Release|Any CPU
	EndGlobalSection
	GlobalSection(ProjectConfigurationPlatforms) = postSolution
		{CC438684-508F-4ABC-874D-07CCCD5635A6}.Debug|Any CPU.ActiveCfg = Debug|Any CPU
		{CC438684-508F-4ABC-874D-07CCCD5635A6}.Debug|Any CPU.Build.0 = Debug|Any CPU
		{CC438684-508F-4ABC-874D-07CCCD5635A6}.Release|Any CPU.ActiveCfg = Release|Any CPU
		{CC438684-508F-4ABC-874D-07CCCD5635A6}.Release|Any CPU.Build.0 = Release|Any CPU
	EndGlobalSection
	GlobalSection(SolutionProperties) = preSolution
		HideSolutionNode = FALSE
	EndGlobalSection
	GlobalSection(ExtensibilityGlobals) = postSolution
		SolutionGuid = {3C86633B-0FEB-4293-9E29-56933F17986F}
	EndGlobalSection
EndGlobal
