
Microsoft Visual Studio Solution File, Format Version 12.00
# Visual Studio Version 17
VisualStudioVersion = 17.5.33414.496
MinimumVisualStudioVersion = 10.0.40219.1
Project("{FAE04EC0-301F-11D3-BF4B-00C04F79EFBC}") = "PolimorfismoInterface", "PolimorfismoInterface\PolimorfismoInterface.csproj", "{45D81A1E-EBBC-4500-B90C-B16631242476}"
EndProject
Global
	GlobalSection(SolutionConfigurationPlatforms) = preSolution
		Debug|Any CPU = Debug|Any CPU
		Release|Any CPU = Release|Any CPU
	EndGlobalSection
	GlobalSection(ProjectConfigurationPlatforms) = postSolution
		{45D81A1E-EBBC-4500-B90C-B16631242476}.Debug|Any CPU.ActiveCfg = Debug|Any CPU
		{45D81A1E-EBBC-4500-B90C-B16631242476}.Debug|Any CPU.Build.0 = Debug|Any CPU
		{45D81A1E-EBBC-4500-B90C-B16631242476}.Release|Any CPU.ActiveCfg = Release|Any CPU
		{45D81A1E-EBBC-4500-B90C-B16631242476}.Release|Any CPU.Build.0 = Release|Any CPU
	EndGlobalSection
	GlobalSection(SolutionProperties) = preSolution
		HideSolutionNode = FALSE
	EndGlobalSection
	GlobalSection(ExtensibilityGlobals) = postSolution
		SolutionGuid = {1CA21B59-92B4-4554-9A04-1252A78DFA23}
	EndGlobalSection
EndGlobal
