
Microsoft Visual Studio Solution File, Format Version 12.00
# Visual Studio Version 17
VisualStudioVersion = 17.5.33414.496
MinimumVisualStudioVersion = 10.0.40219.1
Project("{FAE04EC0-301F-11D3-BF4B-00C04F79EFBC}") = "Properties", "Properties\Properties.csproj", "{A57DDD30-AFD6-4A2C-8448-3115C5E29417}"
EndProject
Global
	GlobalSection(SolutionConfigurationPlatforms) = preSolution
		Debug|Any CPU = Debug|Any CPU
		Release|Any CPU = Release|Any CPU
	EndGlobalSection
	GlobalSection(ProjectConfigurationPlatforms) = postSolution
		{A57DDD30-AFD6-4A2C-8448-3115C5E29417}.Debug|Any CPU.ActiveCfg = Debug|Any CPU
		{A57DDD30-AFD6-4A2C-8448-3115C5E29417}.Debug|Any CPU.Build.0 = Debug|Any CPU
		{A57DDD30-AFD6-4A2C-8448-3115C5E29417}.Release|Any CPU.ActiveCfg = Release|Any CPU
		{A57DDD30-AFD6-4A2C-8448-3115C5E29417}.Release|Any CPU.Build.0 = Release|Any CPU
	EndGlobalSection
	GlobalSection(SolutionProperties) = preSolution
		HideSolutionNode = FALSE
	EndGlobalSection
	GlobalSection(ExtensibilityGlobals) = postSolution
		SolutionGuid = {9C5F3332-C054-4B2F-AC5B-842AECBC7665}
	EndGlobalSection
EndGlobal
