
Microsoft Visual Studio Solution File, Format Version 12.00
# Visual Studio Version 17
VisualStudioVersion = 17.5.33414.496
MinimumVisualStudioVersion = 10.0.40219.1
Project("{FAE04EC0-301F-11D3-BF4B-00C04F79EFBC}") = "ObjectInitializer", "ObjectInitializer\ObjectInitializer.csproj", "{C96AC01E-21B6-48E8-B912-2E4D19A1A451}"
EndProject
Global
	GlobalSection(SolutionConfigurationPlatforms) = preSolution
		Debug|Any CPU = Debug|Any CPU
		Release|Any CPU = Release|Any CPU
	EndGlobalSection
	GlobalSection(ProjectConfigurationPlatforms) = postSolution
		{C96AC01E-21B6-48E8-B912-2E4D19A1A451}.Debug|Any CPU.ActiveCfg = Debug|Any CPU
		{C96AC01E-21B6-48E8-B912-2E4D19A1A451}.Debug|Any CPU.Build.0 = Debug|Any CPU
		{C96AC01E-21B6-48E8-B912-2E4D19A1A451}.Release|Any CPU.ActiveCfg = Release|Any CPU
		{C96AC01E-21B6-48E8-B912-2E4D19A1A451}.Release|Any CPU.Build.0 = Release|Any CPU
	EndGlobalSection
	GlobalSection(SolutionProperties) = preSolution
		HideSolutionNode = FALSE
	EndGlobalSection
	GlobalSection(ExtensibilityGlobals) = postSolution
		SolutionGuid = {E30EF026-3506-491A-92F5-0607E4121207}
	EndGlobalSection
EndGlobal
