
Microsoft Visual Studio Solution File, Format Version 12.00
# Visual Studio Version 17
VisualStudioVersion = 17.5.33414.496
MinimumVisualStudioVersion = 10.0.40219.1
Project("{FAE04EC0-301F-11D3-BF4B-00C04F79EFBC}") = "Interfaces", "Interfaces\Interfaces.csproj", "{3936741E-0F37-4E52-9374-E7A0A41A0A25}"
EndProject
Global
	GlobalSection(SolutionConfigurationPlatforms) = preSolution
		Debug|Any CPU = Debug|Any CPU
		Release|Any CPU = Release|Any CPU
	EndGlobalSection
	GlobalSection(ProjectConfigurationPlatforms) = postSolution
		{3936741E-0F37-4E52-9374-E7A0A41A0A25}.Debug|Any CPU.ActiveCfg = Debug|Any CPU
		{3936741E-0F37-4E52-9374-E7A0A41A0A25}.Debug|Any CPU.Build.0 = Debug|Any CPU
		{3936741E-0F37-4E52-9374-E7A0A41A0A25}.Release|Any CPU.ActiveCfg = Release|Any CPU
		{3936741E-0F37-4E52-9374-E7A0A41A0A25}.Release|Any CPU.Build.0 = Release|Any CPU
	EndGlobalSection
	GlobalSection(SolutionProperties) = preSolution
		HideSolutionNode = FALSE
	EndGlobalSection
	GlobalSection(ExtensibilityGlobals) = postSolution
		SolutionGuid = {86A1780B-2E71-452B-8088-7F21A1FB6E68}
	EndGlobalSection
EndGlobal
